[[package]]
name = "importlib-metadata"
version = "6.6.0"
description = "Read metadata from Python packages"
category = "main"
optional = false
python-versions = ">=3.7"

[package.dependencies]
zipp = ">=0.5"

[package.extras]
docs = ["sphinx (>=3.5)", "jaraco.packaging (>=9)", "rst.linker (>=1.9)", "furo", "sphinx-lint", "jaraco.tidelift (>=1.4)"]
perf = ["ipython"]
testing = ["pytest (>=6)", "pytest-checkdocs (>=2.4)", "flake8 (<5)", "pytest-cov", "pytest-enabler (>=1.3)", "packaging", "pyfakefs", "flufl.flake8", "pytest-perf (>=0.9.2)", "pytest-black (>=0.3.7)", "pytest-mypy (>=0.9.1)", "pytest-flake8", "importlib-resources (>=1.3)"]

[[package]]
name = "llvmlite"
version = "0.40.1rc1"
description = "lightweight wrapper around basic LLVM functionality"
category = "main"
optional = false
python-versions = ">=3.8"

[[package]]
name = "numba"
version = "0.57.0"
description = "compiling Python code using LLVM"
category = "main"
optional = false
python-versions = ">=3.8"

[package.dependencies]
importlib-metadata = {version = "*", markers = "python_version < \"3.9\""}
llvmlite = ">=0.40.0dev0,<0.41"
numpy = ">=1.21,<1.25"

[[package]]
name = "numpy"
version = "1.22.3"
description = "NumPy is the fundamental package for array computing with Python."
category = "main"
optional = false
python-versions = ">=3.8"

[[package]]
name = "opencv-python"
version = "4.5.5.64"
description = "Wrapper package for OpenCV python bindings."
category = "main"
optional = false
python-versions = ">=3.6"

[package.dependencies]
numpy = [
    {version = ">=1.21.2", markers = "python_version >= \"3.6\" and platform_system == \"Darwin\" and platform_machine == \"arm64\""},
    {version = ">=1.19.3", markers = "python_version >= \"3.6\" and platform_system == \"Linux\" and platform_machine == \"aarch64\""},
    {version = ">=1.14.5", markers = "python_version >= \"3.7\""},
    {version = ">=1.17.3", markers = "python_version >= \"3.8\""},
]

[[package]]
name = "zipp"
version = "3.15.0"
description = "Backport of pathlib-compatible object wrapper for zip files"
category = "main"
optional = false
python-versions = ">=3.7"

[package.extras]
docs = ["sphinx (>=3.5)", "jaraco.packaging (>=9)", "rst.linker (>=1.9)", "furo", "sphinx-lint", "jaraco.tidelift (>=1.4)"]
testing = ["pytest (>=6)", "pytest-checkdocs (>=2.4)", "flake8 (<5)", "pytest-cov", "pytest-enabler (>=1.3)", "jaraco.itertools", "jaraco.functools", "more-itertools", "big-o", "pytest-black (>=0.3.7)", "pytest-mypy (>=0.9.1)", "pytest-flake8"]

[metadata]
lock-version = "1.1"
python-versions = ">=3.8.0,<3.9"
content-hash = "7e04ecd6f7b7af727c1781de52eab0cc537c7b97139a0df728bd3a6d5d321578"

[metadata.files]
importlib-metadata = [
    {file = "importlib_metadata-6.6.0-py3-none-any.whl", hash = "sha256:43dd286a2cd8995d5eaef7fee2066340423b818ed3fd70adf0bad5f1fac53fed"},
    {file = "importlib_metadata-6.6.0.tar.gz", hash = "sha256:92501cdf9cc66ebd3e612f1b4f0c0765dfa42f0fa38ffb319b6bd84dd675d705"},
]
llvmlite = []
numba = [
    {file = "numba-0.57.0-cp310-cp310-macosx_10_9_x86_64.whl", hash = "sha256:2e2c14c411545e80bf0f1a33232fb0bd6aa3368f86e56eeffc7f6d3ac16ea3fd"},
    {file = "numba-0.57.0-cp310-cp310-macosx_11_0_arm64.whl", hash = "sha256:6b3382c56d805ffcdc7b46eb69a906be733dd35b84be14abba8e5fd27d7916b2"},
    {file = "numba-0.57.0-cp310-cp310-manylinux2014_aarch64.manylinux_2_17_aarch64.whl", hash = "sha256:133cba9b5002bf67f6f73d9b3050d919c1be91326bbdcccfdf3259bcfb1cec0e"},
    {file = "numba-0.57.0-cp310-cp310-manylinux2014_x86_64.manylinux_2_17_x86_64.whl", hash = "sha256:d92a17ee849574665c5d94e9c9b862e469e1231d3dbb9e58e58b30b4bb0cbce9"},
    {file = "numba-0.57.0-cp310-cp310-win32.whl", hash = "sha256:abc90c3d303a67ae5194770a6f0d0a83edf076683b8a426349a27b91d98e00d1"},
    {file = "numba-0.57.0-cp310-cp310-win_amd64.whl", hash = "sha256:430f43c96f866ca4fe6008d8aa28bb608911d908ff94f879e0dbad7768ef9869"},
    {file = "numba-0.57.0-cp311-cp311-macosx_10_9_x86_64.whl", hash = "sha256:069f7d8fddad4c0eb1d7534c2a18098fe50473dc77832b409176002e9011b96f"},
    {file = "numba-0.57.0-cp311-cp311-macosx_11_0_arm64.whl", hash = "sha256:79daa130fc9e4ebd1eea0a594d1de86d8a4366989f5fab93c482246b502520db"},
    {file = "numba-0.57.0-cp311-cp311-manylinux2014_aarch64.manylinux_2_17_aarch64.whl", hash = "sha256:274f4db4814ebd5ec81697acfc36df04a865b86610d7714905185b753f3f9baf"},
    {file = "numba-0.57.0-cp311-cp311-manylinux2014_x86_64.manylinux_2_17_x86_64.whl", hash = "sha256:0106ee441e3f69cc6f17cb470c4fcccd592e0606567d43245635d72b071ab88e"},
    {file = "numba-0.57.0-cp311-cp311-win_amd64.whl", hash = "sha256:a5d31b4d95000d86ffa9652ab5bcfa0ea30e6c3fc40e610147d4f2f00116703d"},
    {file = "numba-0.57.0-cp38-cp38-macosx_10_9_x86_64.whl", hash = "sha256:3e0b8de39bf17519435937b53276dfb02e2eb8bc27cd211c8eeb01ffed1cab6b"},
    {file = "numba-0.57.0-cp38-cp38-macosx_11_0_arm64.whl", hash = "sha256:18d90fa6fcd5b796999392a8ea67f2fbccecf8dabcea726e2e721c79f40566a6"},
    {file = "numba-0.57.0-cp38-cp38-manylinux2014_aarch64.manylinux_2_17_aarch64.whl", hash = "sha256:d4f62528c7c8c5f97e9689fd788e420b68c67ee0a1a9a7715a57fd584b7aef1e"},
    {file = "numba-0.57.0-cp38-cp38-manylinux2014_x86_64.manylinux_2_17_x86_64.whl", hash = "sha256:fd12cf0b431676c08057685e229ea5daaa1ec8efba2506c38671734ace49c2d7"},
    {file = "numba-0.57.0-cp38-cp38-win32.whl", hash = "sha256:e5f11b1d435fb4d1d1b68fa68ff456d632dc4bfd40b18825ff80d6081d1afb26"},
    {file = "numba-0.57.0-cp38-cp38-win_amd64.whl", hash = "sha256:5810ed2d6d22eb3c48bedfac2187fc44bb90e05f02d47fd31059e69207ae4106"},
    {file = "numba-0.57.0-cp39-cp39-macosx_10_9_x86_64.whl", hash = "sha256:eddba74493d4003a42cd61ff7feca4928a94a45553d1fddac77a5cc339f6f4f9"},
    {file = "numba-0.57.0-cp39-cp39-macosx_11_0_arm64.whl", hash = "sha256:110be5e1213d0a3d5fc691e921a000779500620196d99cee9908fce83d1e48df"},
    {file = "numba-0.57.0-cp39-cp39-manylinux2014_aarch64.manylinux_2_17_aarch64.whl", hash = "sha256:f949018ab9c467d38f14fe17db4df0d4a1c664be802189e2d6c5a434d9ffd4f6"},
    {file = "numba-0.57.0-cp39-cp39-manylinux2014_x86_64.manylinux_2_17_x86_64.whl", hash = "sha256:9fc0cd4ec93a1e3877985e10ed5837ed2991c83aa4b7ca574caae5c8b448cc4b"},
    {file = "numba-0.57.0-cp39-cp39-win32.whl", hash = "sha256:83d4f21c98eed3001e9896a43a1ce9c825999c03f7eb39ddd1c2d07a76708392"},
    {file = "numba-0.57.0-cp39-cp39-win_amd64.whl", hash = "sha256:9173d00c6753212b68e4fd319cfa96c21b2263949452c97b034e78ce09539dee"},
    {file = "numba-0.57.0.tar.gz", hash = "sha256:2af6d81067a5bdc13960c6d2519dbabbf4d5d597cf75d640c5aeaefd48c6420a"},
]
numpy = []
opencv-python = []
zipp = [
    {file = "zipp-3.15.0-py3-none-any.whl", hash = "sha256:48904fc76a60e542af151aded95726c1a5c34ed43ab4134b597665c86d7ad556"},
    {file = "zipp-3.15.0.tar.gz", hash = "sha256:112929ad649da941c23de50f356a2b5570c954b65150642bccdd66bf194d224b"},
]
